{
  "_readme": [
    "This file locks the dependencies of your project to a known state",
    "Read more about it at https://getcomposer.org/doc/01-basic-usage.md#installing-dependencies",
    "This file is @generated automatically"
  ],
  "content-hash": "7dfc7524ce742e5ccb0146bfc4bc9867",
  "packages": [
    {
      "name": "mursalov/card-deck",
      "version": "dev-master",
      "source": {
        "type": "git",
        "url": "https://github.com/MursalovKenan/card-deck.git",
        "reference": "214b38f7653c6cae84865ba8d99f5c6159fc634b"
      },
      "dist": {
        "type": "zip",
        "url": "https://api.github.com/repos/MursalovKenan/card-deck/zipball/214b38f7653c6cae84865ba8d99f5c6159fc634b",
        "reference": "214b38f7653c6cae84865ba8d99f5c6159fc634b",
        "shasum": ""
      },
      "default-branch": true,
      "type": "library",
      "autoload": {
        "psr-4": {
          "CardDeck\\": "src/"
        }
      },
      "notification-url": "https://packagist.org/downloads/",
      "license": [
        "MIT"
      ],
      "authors": [
        {
          "name": "Kenan Mursalov",
          "email": "kenan.mursalov@gmail.com"
        }
      ],
      "description": "Card deck for making cool card game",
      "support": {
        "issues": "https://github.com/MursalovKenan/card-deck/issues",
        "source": "https://github.com/MursalovKenan/card-deck/tree/master"
      },
      "time": "2022-04-24T12:28:43+00:00"
    }
  ],
  "packages-dev": [],
  "aliases": [],
  "minimum-stability": "dev",
  "stability-flags": {
    "mursalov/card-deck": 20
  },
  "prefer-stable": false,
  "prefer-lowest": false,
  "platform": [],
  "platform-dev": [],
  "plugin-api-version": "2.3.0"
}
